
Microsoft Visual Studio Solution File, Format Version 12.00
# Visual Studio Version 17
VisualStudioVersion = 17.0.31903.59
MinimumVisualStudioVersion = 10.0.40219.1
Project("{FAE04EC0-301F-11D3-BF4B-00C04F79EFBC}") = "FamilyForPets.WEB", "src\FamilyPets.WEB\FamilyForPets.WEB.csproj", "{1E3C2BC2-B9FC-41AB-8BF7-EFCEC5C3FC47}"
EndProject
Project("{2150E333-8FDC-42A3-9474-1A3956D46DE8}") = "Solution Items", "Solution Items", "{02EA681E-C7D8-13C7-8484-4AC65E1B71E8}"
	ProjectSection(SolutionItems) = preProject
		.editorconfig = .editorconfig
		Directory.Build.props = Directory.Build.props
	EndProjectSection
EndProject
Project("{E53339B2-1760-4266-BCC7-CA923CBCF16C}") = "docker-compose", "docker-compose.dcproj", "{81DDED9D-158B-E303-5F62-77A2896D2A5A}"
EndProject
Project("{FAE04EC0-301F-11D3-BF4B-00C04F79EFBC}") = "FamilyForPets.Core", "src\Shared\FamilyForPets.Core\FamilyForPets.Core.csproj", "{C1DF96DA-64F4-4560-B6ED-889AD8389C9B}"
EndProject
Project("{2150E333-8FDC-42A3-9474-1A3956D46DE8}") = "src", "src", "{4ECC13A5-2008-4C93-8811-367772CB9E43}"
EndProject
Project("{FAE04EC0-301F-11D3-BF4B-00C04F79EFBC}") = "FamilyForPets.Volunteers.Domain", "src\Volunteers\FamilyForPets.Volunteers.Domain\FamilyForPets.Volunteers.Domain.csproj", "{F9D39D83-9843-41BF-8929-CF36E3199DA2}"
EndProject
Project("{FAE04EC0-301F-11D3-BF4B-00C04F79EFBC}") = "FamilyForPets.Volunteers.UseCases", "src\Volunteers\FamilyForPets.Volunteers.UseCases\FamilyForPets.Volunteers.UseCases.csproj", "{516B475F-48E5-4614-A2A1-E5F4B907212B}"
EndProject
Project("{FAE04EC0-301F-11D3-BF4B-00C04F79EFBC}") = "FamilyForPets.Volunteers.Infrastructure", "src\Volunteers\FamilyForPets.Volunteers.Infrastructure\FamilyForPets.Volunteers.Infrastructure.csproj", "{E946D5B3-B8DC-444C-B968-6E98631744E0}"
EndProject
Project("{FAE04EC0-301F-11D3-BF4B-00C04F79EFBC}") = "FamilyForPets.Volunteers.API", "src\Volunteers\FamilyForPets.Volunteers.API\FamilyForPets.Volunteers.API.csproj", "{F2F4228C-5E4A-4EEA-8E5C-07EFDBAE8CB2}"
EndProject
Project("{FAE04EC0-301F-11D3-BF4B-00C04F79EFBC}") = "FamilyForPets.Framework", "src\Shared\FamilyForPets.Framework\FamilyForPets.Framework.csproj", "{59556A48-4D27-410E-8D99-D40CDDDC0DEE}"
EndProject
Project("{FAE04EC0-301F-11D3-BF4B-00C04F79EFBC}") = "FamilyForPets.Species.Domain", "src\Species\FamilyForPets.Species.Domain\FamilyForPets.Species.Domain.csproj", "{AFFF725D-4DE1-427E-AE26-8095AE64CFAE}"
EndProject
Project("{FAE04EC0-301F-11D3-BF4B-00C04F79EFBC}") = "FamilyForPets.Species.UseCases", "src\Species\FamilyForPets.Species.UseCases\FamilyForPets.Species.UseCases.csproj", "{AC1A852D-BB3A-4A8F-871B-58421653DDF8}"
EndProject
Project("{FAE04EC0-301F-11D3-BF4B-00C04F79EFBC}") = "FamilyForPets.Species.API", "src\Species\FamilyForPets.Species.API\FamilyForPets.Species.API.csproj", "{66782901-065A-4CA6-85B3-033A8F093F2A}"
EndProject
Project("{FAE04EC0-301F-11D3-BF4B-00C04F79EFBC}") = "FamilyForPets.Species.Infrastructure", "src\Species\FamilyForPets.Species.Infrastructure\FamilyForPets.Species.Infrastructure.csproj", "{3364A8D1-51E7-4337-9DE2-90D51B74E70C}"
EndProject
Project("{FAE04EC0-301F-11D3-BF4B-00C04F79EFBC}") = "FamilyForPets.Volunteers.Contracts", "src\Volunteers\FamilyForPets.Volunteers.Contracts\FamilyForPets.Volunteers.Contracts.csproj", "{CF832F59-63B8-4AC5-8932-3B5B2154D511}"
EndProject
Project("{FAE04EC0-301F-11D3-BF4B-00C04F79EFBC}") = "FamilyForPets.Species.Contracts", "src\Species\FamilyForPets.Species.Contracts\FamilyForPets.Species.Contracts.csproj", "{321743EB-2592-48AF-810A-B0B801BDF411}"
EndProject
Project("{2150E333-8FDC-42A3-9474-1A3956D46DE8}") = "Volunteers", "Volunteers", "{4B4A023F-6FF8-4325-8FB0-2ACA0DE2AD3A}"
EndProject
Project("{2150E333-8FDC-42A3-9474-1A3956D46DE8}") = "Species", "Species", "{64F82029-63E7-4E3B-BA61-387F8E9C9F95}"
EndProject
Project("{FAE04EC0-301F-11D3-BF4B-00C04F79EFBC}") = "FamilyForPets.SharedKernel", "src\Shared\FamilyForPets.SharedKernel\FamilyForPets.SharedKernel.csproj", "{42830113-EDAD-4229-96C5-6C5E04C560AC}"
EndProject
Project("{2150E333-8FDC-42A3-9474-1A3956D46DE8}") = "Shared", "Shared", "{7BC0A11F-E7D1-4FE7-840E-97379DC4C902}"
EndProject
Project("{2150E333-8FDC-42A3-9474-1A3956D46DE8}") = "tests", "tests", "{49C718F8-3283-4A12-AC1E-0749AB03E87B}"
EndProject
Project("{2150E333-8FDC-42A3-9474-1A3956D46DE8}") = "Species", "Species", "{60A0BC22-D1A6-467F-A445-A3B5EE40F1B6}"
EndProject
Project("{2150E333-8FDC-42A3-9474-1A3956D46DE8}") = "Volunteers", "Volunteers", "{FEA68767-DF80-494D-89FB-9FC79B59A4BF}"
EndProject
Project("{FAE04EC0-301F-11D3-BF4B-00C04F79EFBC}") = "FamilyForPets.Volunteers.Domain.UnitTests", "tests\Volunteers\FamilyForPets.Volunteers.Domain.UnitTests\FamilyForPets.Volunteers.Domain.UnitTests.csproj", "{E51F6A18-C888-492F-8E94-DE0F5749412B}"
EndProject
Project("{2150E333-8FDC-42A3-9474-1A3956D46DE8}") = "Files", "Files", "{0DAD5479-71F2-4A37-9974-01E06E8587DD}"
EndProject
Project("{FAE04EC0-301F-11D3-BF4B-00C04F79EFBC}") = "FamilyForPets.Files.Contracts", "src\Files\FamilyForPets.Files.Contracts\FamilyForPets.Files.Contracts.csproj", "{D7AAAF1E-7C0E-45D2-9960-BB106182DD10}"
EndProject
Project("{FAE04EC0-301F-11D3-BF4B-00C04F79EFBC}") = "FamilyForPets.Files.API", "src\Files\FamilyForPets.Files.API\FamilyForPets.Files.API.csproj", "{F936644E-C33A-42BC-9518-9DD453F24474}"
EndProject
Project("{FAE04EC0-301F-11D3-BF4B-00C04F79EFBC}") = "FamilyForPets.Files.Infrastructure", "src\Files\FamilyForPets.Files.Infrastructure\FamilyForPets.Files.Infrastructure.csproj", "{A00E673A-7FFF-4EBE-BFE5-34D3ED1160B9}"
EndProject
Project("{FAE04EC0-301F-11D3-BF4B-00C04F79EFBC}") = "FamilyForPets.Files.UseCases", "src\Files\FamilyForPets.Files.UseCases\FamilyForPets.Files.UseCases.csproj", "{2A2251C7-139F-4AC4-9465-0BB8096158DA}"
EndProject
Global
	GlobalSection(SolutionConfigurationPlatforms) = preSolution
		Debug|Any CPU = Debug|Any CPU
		Release|Any CPU = Release|Any CPU
	EndGlobalSection
	GlobalSection(ProjectConfigurationPlatforms) = postSolution
		{1E3C2BC2-B9FC-41AB-8BF7-EFCEC5C3FC47}.Debug|Any CPU.ActiveCfg = Debug|Any CPU
		{1E3C2BC2-B9FC-41AB-8BF7-EFCEC5C3FC47}.Debug|Any CPU.Build.0 = Debug|Any CPU
		{1E3C2BC2-B9FC-41AB-8BF7-EFCEC5C3FC47}.Release|Any CPU.ActiveCfg = Release|Any CPU
		{1E3C2BC2-B9FC-41AB-8BF7-EFCEC5C3FC47}.Release|Any CPU.Build.0 = Release|Any CPU
		{81DDED9D-158B-E303-5F62-77A2896D2A5A}.Debug|Any CPU.ActiveCfg = Debug|Any CPU
		{81DDED9D-158B-E303-5F62-77A2896D2A5A}.Debug|Any CPU.Build.0 = Debug|Any CPU
		{81DDED9D-158B-E303-5F62-77A2896D2A5A}.Release|Any CPU.ActiveCfg = Release|Any CPU
		{81DDED9D-158B-E303-5F62-77A2896D2A5A}.Release|Any CPU.Build.0 = Release|Any CPU
		{C1DF96DA-64F4-4560-B6ED-889AD8389C9B}.Debug|Any CPU.ActiveCfg = Debug|Any CPU
		{C1DF96DA-64F4-4560-B6ED-889AD8389C9B}.Debug|Any CPU.Build.0 = Debug|Any CPU
		{C1DF96DA-64F4-4560-B6ED-889AD8389C9B}.Release|Any CPU.ActiveCfg = Release|Any CPU
		{C1DF96DA-64F4-4560-B6ED-889AD8389C9B}.Release|Any CPU.Build.0 = Release|Any CPU
		{F9D39D83-9843-41BF-8929-CF36E3199DA2}.Debug|Any CPU.ActiveCfg = Debug|Any CPU
		{F9D39D83-9843-41BF-8929-CF36E3199DA2}.Debug|Any CPU.Build.0 = Debug|Any CPU
		{F9D39D83-9843-41BF-8929-CF36E3199DA2}.Release|Any CPU.ActiveCfg = Release|Any CPU
		{F9D39D83-9843-41BF-8929-CF36E3199DA2}.Release|Any CPU.Build.0 = Release|Any CPU
		{516B475F-48E5-4614-A2A1-E5F4B907212B}.Debug|Any CPU.ActiveCfg = Debug|Any CPU
		{516B475F-48E5-4614-A2A1-E5F4B907212B}.Debug|Any CPU.Build.0 = Debug|Any CPU
		{516B475F-48E5-4614-A2A1-E5F4B907212B}.Release|Any CPU.ActiveCfg = Release|Any CPU
		{516B475F-48E5-4614-A2A1-E5F4B907212B}.Release|Any CPU.Build.0 = Release|Any CPU
		{E946D5B3-B8DC-444C-B968-6E98631744E0}.Debug|Any CPU.ActiveCfg = Debug|Any CPU
		{E946D5B3-B8DC-444C-B968-6E98631744E0}.Debug|Any CPU.Build.0 = Debug|Any CPU
		{E946D5B3-B8DC-444C-B968-6E98631744E0}.Release|Any CPU.ActiveCfg = Release|Any CPU
		{E946D5B3-B8DC-444C-B968-6E98631744E0}.Release|Any CPU.Build.0 = Release|Any CPU
		{F2F4228C-5E4A-4EEA-8E5C-07EFDBAE8CB2}.Debug|Any CPU.ActiveCfg = Debug|Any CPU
		{F2F4228C-5E4A-4EEA-8E5C-07EFDBAE8CB2}.Debug|Any CPU.Build.0 = Debug|Any CPU
		{F2F4228C-5E4A-4EEA-8E5C-07EFDBAE8CB2}.Release|Any CPU.ActiveCfg = Release|Any CPU
		{F2F4228C-5E4A-4EEA-8E5C-07EFDBAE8CB2}.Release|Any CPU.Build.0 = Release|Any CPU
		{59556A48-4D27-410E-8D99-D40CDDDC0DEE}.Debug|Any CPU.ActiveCfg = Debug|Any CPU
		{59556A48-4D27-410E-8D99-D40CDDDC0DEE}.Debug|Any CPU.Build.0 = Debug|Any CPU
		{59556A48-4D27-410E-8D99-D40CDDDC0DEE}.Release|Any CPU.ActiveCfg = Release|Any CPU
		{59556A48-4D27-410E-8D99-D40CDDDC0DEE}.Release|Any CPU.Build.0 = Release|Any CPU
		{AFFF725D-4DE1-427E-AE26-8095AE64CFAE}.Debug|Any CPU.ActiveCfg = Debug|Any CPU
		{AFFF725D-4DE1-427E-AE26-8095AE64CFAE}.Debug|Any CPU.Build.0 = Debug|Any CPU
		{AFFF725D-4DE1-427E-AE26-8095AE64CFAE}.Release|Any CPU.ActiveCfg = Release|Any CPU
		{AFFF725D-4DE1-427E-AE26-8095AE64CFAE}.Release|Any CPU.Build.0 = Release|Any CPU
		{AC1A852D-BB3A-4A8F-871B-58421653DDF8}.Debug|Any CPU.ActiveCfg = Debug|Any CPU
		{AC1A852D-BB3A-4A8F-871B-58421653DDF8}.Debug|Any CPU.Build.0 = Debug|Any CPU
		{AC1A852D-BB3A-4A8F-871B-58421653DDF8}.Release|Any CPU.ActiveCfg = Release|Any CPU
		{AC1A852D-BB3A-4A8F-871B-58421653DDF8}.Release|Any CPU.Build.0 = Release|Any CPU
		{66782901-065A-4CA6-85B3-033A8F093F2A}.Debug|Any CPU.ActiveCfg = Debug|Any CPU
		{66782901-065A-4CA6-85B3-033A8F093F2A}.Debug|Any CPU.Build.0 = Debug|Any CPU
		{66782901-065A-4CA6-85B3-033A8F093F2A}.Release|Any CPU.ActiveCfg = Release|Any CPU
		{66782901-065A-4CA6-85B3-033A8F093F2A}.Release|Any CPU.Build.0 = Release|Any CPU
		{3364A8D1-51E7-4337-9DE2-90D51B74E70C}.Debug|Any CPU.ActiveCfg = Debug|Any CPU
		{3364A8D1-51E7-4337-9DE2-90D51B74E70C}.Debug|Any CPU.Build.0 = Debug|Any CPU
		{3364A8D1-51E7-4337-9DE2-90D51B74E70C}.Release|Any CPU.ActiveCfg = Release|Any CPU
		{3364A8D1-51E7-4337-9DE2-90D51B74E70C}.Release|Any CPU.Build.0 = Release|Any CPU
		{CF832F59-63B8-4AC5-8932-3B5B2154D511}.Debug|Any CPU.ActiveCfg = Debug|Any CPU
		{CF832F59-63B8-4AC5-8932-3B5B2154D511}.Debug|Any CPU.Build.0 = Debug|Any CPU
		{CF832F59-63B8-4AC5-8932-3B5B2154D511}.Release|Any CPU.ActiveCfg = Release|Any CPU
		{CF832F59-63B8-4AC5-8932-3B5B2154D511}.Release|Any CPU.Build.0 = Release|Any CPU
		{321743EB-2592-48AF-810A-B0B801BDF411}.Debug|Any CPU.ActiveCfg = Debug|Any CPU
		{321743EB-2592-48AF-810A-B0B801BDF411}.Debug|Any CPU.Build.0 = Debug|Any CPU
		{321743EB-2592-48AF-810A-B0B801BDF411}.Release|Any CPU.ActiveCfg = Release|Any CPU
		{321743EB-2592-48AF-810A-B0B801BDF411}.Release|Any CPU.Build.0 = Release|Any CPU
		{42830113-EDAD-4229-96C5-6C5E04C560AC}.Debug|Any CPU.ActiveCfg = Debug|Any CPU
		{42830113-EDAD-4229-96C5-6C5E04C560AC}.Debug|Any CPU.Build.0 = Debug|Any CPU
		{42830113-EDAD-4229-96C5-6C5E04C560AC}.Release|Any CPU.ActiveCfg = Release|Any CPU
		{42830113-EDAD-4229-96C5-6C5E04C560AC}.Release|Any CPU.Build.0 = Release|Any CPU
		{E51F6A18-C888-492F-8E94-DE0F5749412B}.Debug|Any CPU.ActiveCfg = Debug|Any CPU
		{E51F6A18-C888-492F-8E94-DE0F5749412B}.Debug|Any CPU.Build.0 = Debug|Any CPU
		{E51F6A18-C888-492F-8E94-DE0F5749412B}.Release|Any CPU.ActiveCfg = Release|Any CPU
		{E51F6A18-C888-492F-8E94-DE0F5749412B}.Release|Any CPU.Build.0 = Release|Any CPU
		{D7AAAF1E-7C0E-45D2-9960-BB106182DD10}.Debug|Any CPU.ActiveCfg = Debug|Any CPU
		{D7AAAF1E-7C0E-45D2-9960-BB106182DD10}.Debug|Any CPU.Build.0 = Debug|Any CPU
		{D7AAAF1E-7C0E-45D2-9960-BB106182DD10}.Release|Any CPU.ActiveCfg = Release|Any CPU
		{D7AAAF1E-7C0E-45D2-9960-BB106182DD10}.Release|Any CPU.Build.0 = Release|Any CPU
		{F936644E-C33A-42BC-9518-9DD453F24474}.Debug|Any CPU.ActiveCfg = Debug|Any CPU
		{F936644E-C33A-42BC-9518-9DD453F24474}.Debug|Any CPU.Build.0 = Debug|Any CPU
		{F936644E-C33A-42BC-9518-9DD453F24474}.Release|Any CPU.ActiveCfg = Release|Any CPU
		{F936644E-C33A-42BC-9518-9DD453F24474}.Release|Any CPU.Build.0 = Release|Any CPU
		{A00E673A-7FFF-4EBE-BFE5-34D3ED1160B9}.Debug|Any CPU.ActiveCfg = Debug|Any CPU
		{A00E673A-7FFF-4EBE-BFE5-34D3ED1160B9}.Debug|Any CPU.Build.0 = Debug|Any CPU
		{A00E673A-7FFF-4EBE-BFE5-34D3ED1160B9}.Release|Any CPU.ActiveCfg = Release|Any CPU
		{A00E673A-7FFF-4EBE-BFE5-34D3ED1160B9}.Release|Any CPU.Build.0 = Release|Any CPU
		{2A2251C7-139F-4AC4-9465-0BB8096158DA}.Debug|Any CPU.ActiveCfg = Debug|Any CPU
		{2A2251C7-139F-4AC4-9465-0BB8096158DA}.Debug|Any CPU.Build.0 = Debug|Any CPU
		{2A2251C7-139F-4AC4-9465-0BB8096158DA}.Release|Any CPU.ActiveCfg = Release|Any CPU
		{2A2251C7-139F-4AC4-9465-0BB8096158DA}.Release|Any CPU.Build.0 = Release|Any CPU
	EndGlobalSection
	GlobalSection(SolutionProperties) = preSolution
		HideSolutionNode = FALSE
	EndGlobalSection
	GlobalSection(NestedProjects) = preSolution
		{1E3C2BC2-B9FC-41AB-8BF7-EFCEC5C3FC47} = {4ECC13A5-2008-4C93-8811-367772CB9E43}
		{81DDED9D-158B-E303-5F62-77A2896D2A5A} = {02EA681E-C7D8-13C7-8484-4AC65E1B71E8}
		{C1DF96DA-64F4-4560-B6ED-889AD8389C9B} = {7BC0A11F-E7D1-4FE7-840E-97379DC4C902}
		{F9D39D83-9843-41BF-8929-CF36E3199DA2} = {4B4A023F-6FF8-4325-8FB0-2ACA0DE2AD3A}
		{516B475F-48E5-4614-A2A1-E5F4B907212B} = {4B4A023F-6FF8-4325-8FB0-2ACA0DE2AD3A}
		{E946D5B3-B8DC-444C-B968-6E98631744E0} = {4B4A023F-6FF8-4325-8FB0-2ACA0DE2AD3A}
		{F2F4228C-5E4A-4EEA-8E5C-07EFDBAE8CB2} = {4B4A023F-6FF8-4325-8FB0-2ACA0DE2AD3A}
		{59556A48-4D27-410E-8D99-D40CDDDC0DEE} = {7BC0A11F-E7D1-4FE7-840E-97379DC4C902}
		{AFFF725D-4DE1-427E-AE26-8095AE64CFAE} = {64F82029-63E7-4E3B-BA61-387F8E9C9F95}
		{AC1A852D-BB3A-4A8F-871B-58421653DDF8} = {64F82029-63E7-4E3B-BA61-387F8E9C9F95}
		{66782901-065A-4CA6-85B3-033A8F093F2A} = {64F82029-63E7-4E3B-BA61-387F8E9C9F95}
		{3364A8D1-51E7-4337-9DE2-90D51B74E70C} = {64F82029-63E7-4E3B-BA61-387F8E9C9F95}
		{CF832F59-63B8-4AC5-8932-3B5B2154D511} = {4B4A023F-6FF8-4325-8FB0-2ACA0DE2AD3A}
		{321743EB-2592-48AF-810A-B0B801BDF411} = {64F82029-63E7-4E3B-BA61-387F8E9C9F95}
		{4B4A023F-6FF8-4325-8FB0-2ACA0DE2AD3A} = {4ECC13A5-2008-4C93-8811-367772CB9E43}
		{64F82029-63E7-4E3B-BA61-387F8E9C9F95} = {4ECC13A5-2008-4C93-8811-367772CB9E43}
		{42830113-EDAD-4229-96C5-6C5E04C560AC} = {7BC0A11F-E7D1-4FE7-840E-97379DC4C902}
		{7BC0A11F-E7D1-4FE7-840E-97379DC4C902} = {4ECC13A5-2008-4C93-8811-367772CB9E43}
		{60A0BC22-D1A6-467F-A445-A3B5EE40F1B6} = {49C718F8-3283-4A12-AC1E-0749AB03E87B}
		{FEA68767-DF80-494D-89FB-9FC79B59A4BF} = {49C718F8-3283-4A12-AC1E-0749AB03E87B}
		{E51F6A18-C888-492F-8E94-DE0F5749412B} = {FEA68767-DF80-494D-89FB-9FC79B59A4BF}
		{0DAD5479-71F2-4A37-9974-01E06E8587DD} = {4ECC13A5-2008-4C93-8811-367772CB9E43}
		{D7AAAF1E-7C0E-45D2-9960-BB106182DD10} = {0DAD5479-71F2-4A37-9974-01E06E8587DD}
		{F936644E-C33A-42BC-9518-9DD453F24474} = {0DAD5479-71F2-4A37-9974-01E06E8587DD}
		{A00E673A-7FFF-4EBE-BFE5-34D3ED1160B9} = {0DAD5479-71F2-4A37-9974-01E06E8587DD}
		{2A2251C7-139F-4AC4-9465-0BB8096158DA} = {0DAD5479-71F2-4A37-9974-01E06E8587DD}
	EndGlobalSection
	GlobalSection(ExtensibilityGlobals) = postSolution
		SolutionGuid = {BF0D6A16-A1B7-4BD7-B9F0-246FB31ECC14}
	EndGlobalSection
EndGlobal
